
Microsoft Visual Studio Solution File, Format Version 12.00
# Visual Studio 2012
Project("{FAE04EC0-301F-11D3-BF4B-00C04F79EFBC}") = "RefreshExcelReport", "RefreshExcelReports\RefreshExcelReport.csproj", "{908AF328-D40B-4790-8485-5DA4534ABE94}"
EndProject
Global
	GlobalSection(TeamFoundationVersionControl) = preSolution
		SccNumberOfProjects = 2
		SccEnterpriseProvider = {4CA58AB2-18FA-4F8D-95D4-32DDF27D184C}
		SccTeamFoundationServer = http://whqwtfs02:8080/tfs/defaultcollection
		SccLocalPath0 = .
		SccProjectUniqueName1 = RefreshExcelReports\\RefreshExcelReport.csproj
		SccProjectName1 = RefreshExcelReports
		SccLocalPath1 = RefreshExcelReports
	EndGlobalSection
	GlobalSection(SolutionConfigurationPlatforms) = preSolution
		Debug|Any CPU = Debug|Any CPU
		Release|Any CPU = Release|Any CPU
	EndGlobalSection
	GlobalSection(ProjectConfigurationPlatforms) = postSolution
		{908AF328-D40B-4790-8485-5DA4534ABE94}.Debug|Any CPU.ActiveCfg = Debug|Any CPU
		{908AF328-D40B-4790-8485-5DA4534ABE94}.Debug|Any CPU.Build.0 = Debug|Any CPU
		{908AF328-D40B-4790-8485-5DA4534ABE94}.Release|Any CPU.ActiveCfg = Release|Any CPU
		{908AF328-D40B-4790-8485-5DA4534ABE94}.Release|Any CPU.Build.0 = Release|Any CPU
	EndGlobalSection
	GlobalSection(SolutionProperties) = preSolution
		HideSolutionNode = FALSE
	EndGlobalSection
EndGlobal
